
Microsoft Visual Studio Solution File, Format Version 12.00
# Visual Studio 2012
Project("{2150E333-8FDC-42A3-9474-1A3956D46DE8}") = "1 - Application Core", "1 - Application Core", "{A0DAEC44-C6B5-4278-B1CA-8CDF87957061}"
EndProject
Project("{2150E333-8FDC-42A3-9474-1A3956D46DE8}") = "0 - Client", "0 - Client", "{5B56155A-EA5D-4A6F-A514-4A6B6D079C94}"
EndProject
Project("{2150E333-8FDC-42A3-9474-1A3956D46DE8}") = "4 - External Systems", "4 - External Systems", "{055E5489-967C-42AD-8FA5-4D214AD471BB}"
EndProject
Project("{F088123C-0E9E-452A-89E6-6BA2F21D5CAC}") = "Architecture", "Models\Architecture.modelproj", "{059B7624-BB3B-4460-81BC-D24DA0639B79}"
EndProject
Project("{2150E333-8FDC-42A3-9474-1A3956D46DE8}") = "5 - Integrationstest", "5 - Integrationstest", "{2780EDB0-F0E4-4315-B52D-3014E937ECB1}"
EndProject
Project("{2150E333-8FDC-42A3-9474-1A3956D46DE8}") = "6 - Systemtest", "6 - Systemtest", "{DF2C75C9-A280-4464-982B-18008415CFFB}"
EndProject
Project("{2150E333-8FDC-42A3-9474-1A3956D46DE8}") = "7 - Verbundtest", "7 - Verbundtest", "{C889FB17-5BBA-4EDE-B388-9D1EF98E4179}"
EndProject
Project("{2150E333-8FDC-42A3-9474-1A3956D46DE8}") = "3 - Util", "3 - Util", "{DE6FAA2D-E4C6-49D8-8A7E-C535F7CE9331}"
EndProject
Project("{FAE04EC0-301F-11D3-BF4B-00C04F79EFBC}") = "HAW Logistics System", "HAW Logistics System\HAW Logistics System.csproj", "{FE562978-63E0-4E2E-A0A4-709752807745}"
EndProject
Project("{FAE04EC0-301F-11D3-BF4B-00C04F79EFBC}") = "Common", "Common\Common.csproj", "{841AF5C4-1281-49F3-853F-3E08CD08AA6A}"
EndProject
Project("{FAE04EC0-301F-11D3-BF4B-00C04F79EFBC}") = "TransportplanungKomponente.Test", "TransportplanungKomponente.Test\TransportplanungKomponente.Test.csproj", "{51B13481-928D-4BDC-BC24-522C8A8D2176}"
	ProjectSection(ProjectDependencies) = postProject
		{4A905506-3375-4CB6-A065-3B9D63C545DB} = {4A905506-3375-4CB6-A065-3B9D63C545DB}
	EndProjectSection
EndProject
Project("{FAE04EC0-301F-11D3-BF4B-00C04F79EFBC}") = "UnterbeauftragungKomponente", "UnterbeauftragungKomponente\UnterbeauftragungKomponente.csproj", "{E53BB22A-3E99-4EB7-BA09-EE1621D8085E}"
	ProjectSection(ProjectDependencies) = postProject
		{4A905506-3375-4CB6-A065-3B9D63C545DB} = {4A905506-3375-4CB6-A065-3B9D63C545DB}
	EndProjectSection
EndProject
Project("{FAE04EC0-301F-11D3-BF4B-00C04F79EFBC}") = "TransportplanungKomponente", "TransportplanungKomponente\TransportplanungKomponente.csproj", "{FE0B1AF0-6B33-49A9-BADD-0163CD0D4543}"
	ProjectSection(ProjectDependencies) = postProject
		{4A905506-3375-4CB6-A065-3B9D63C545DB} = {4A905506-3375-4CB6-A065-3B9D63C545DB}
	EndProjectSection
EndProject
Project("{FAE04EC0-301F-11D3-BF4B-00C04F79EFBC}") = "TransportnetzKomponente", "TransportnetzKomponente\TransportnetzKomponente.csproj", "{F286ACD7-1C2A-434F-932E-66DF0ABFD19C}"
EndProject
Project("{FAE04EC0-301F-11D3-BF4B-00C04F79EFBC}") = "GeschaeftspartnerKomponente.Test", "GeschaeftspartnerKomponente.Test\GeschaeftspartnerKomponente.Test.csproj", "{6FE6A90A-5C68-4AA6-9E83-54938FB27CA6}"
	ProjectSection(ProjectDependencies) = postProject
		{4A905506-3375-4CB6-A065-3B9D63C545DB} = {4A905506-3375-4CB6-A065-3B9D63C545DB}
	EndProjectSection
EndProject
Project("{FAE04EC0-301F-11D3-BF4B-00C04F79EFBC}") = "AuftragKomponente", "AuftragKomponente\AuftragKomponente.csproj", "{7B60032A-0D25-4A06-9D04-83FD1FF1E946}"
	ProjectSection(ProjectDependencies) = postProject
		{4A905506-3375-4CB6-A065-3B9D63C545DB} = {4A905506-3375-4CB6-A065-3B9D63C545DB}
	EndProjectSection
EndProject
Project("{FAE04EC0-301F-11D3-BF4B-00C04F79EFBC}") = "PeriodicTaskFactory", "PeriodicTaskFactory\PeriodicTaskFactory.csproj", "{2945908D-87A9-492A-8A4F-F95A591CFA95}"
EndProject
Project("{FAE04EC0-301F-11D3-BF4B-00C04F79EFBC}") = "BackgroundQueue", "BackgroundQueue\BackgroundQueue.csproj", "{26CDEA8A-C0C4-446C-BB8C-B08AAB37EDFD}"
EndProject
Project("{FAE04EC0-301F-11D3-BF4B-00C04F79EFBC}") = "GeschaeftspartnerKomponente", "GeschaeftspartnerKomponente\GeschaeftspartnerKomponente.csproj", "{18292C25-D2D5-4537-BB46-92EC366B1F85}"
	ProjectSection(ProjectDependencies) = postProject
		{4A905506-3375-4CB6-A065-3B9D63C545DB} = {4A905506-3375-4CB6-A065-3B9D63C545DB}
	EndProjectSection
EndProject
Project("{FAE04EC0-301F-11D3-BF4B-00C04F79EFBC}") = "UnterbeauftragungKomponente.Test", "UnterbeauftragungKomponente.Test\UnterbeauftragungKomponente.Test.csproj", "{019BD7CA-30A4-4356-821B-3E179F801A50}"
	ProjectSection(ProjectDependencies) = postProject
		{4A905506-3375-4CB6-A065-3B9D63C545DB} = {4A905506-3375-4CB6-A065-3B9D63C545DB}
	EndProjectSection
EndProject
Project("{FAE04EC0-301F-11D3-BF4B-00C04F79EFBC}") = "FrachtfuehrerExternal", "FrachtfuehrerExternal\FrachtfuehrerExternal.csproj", "{C9957192-AEF9-422F-A36C-7688FB6E5E60}"
EndProject
Project("{FAE04EC0-301F-11D3-BF4B-00C04F79EFBC}") = "FrachtfuehrerAdapter", "FrachtfuehrerAdapter\FrachtfuehrerAdapter.csproj", "{82E80ABD-0D9F-447C-9D20-4B967664EA2D}"
	ProjectSection(ProjectDependencies) = postProject
		{B8241AA9-BCBD-4FB2-BEE1-ABD2CA71ECDA} = {B8241AA9-BCBD-4FB2-BEE1-ABD2CA71ECDA}
	EndProjectSection
EndProject
Project("{FAE04EC0-301F-11D3-BF4B-00C04F79EFBC}") = "MessagingServices", "MessagingServices\MessagingServices.csproj", "{B8241AA9-BCBD-4FB2-BEE1-ABD2CA71ECDA}"
EndProject
Project("{FAE04EC0-301F-11D3-BF4B-00C04F79EFBC}") = "MessagingServices.Test", "MessagingServices.Test\MessagingServices.Test.csproj", "{0B6788E1-BF76-47D3-863C-79F565E482B5}"
EndProject
Project("{FAE04EC0-301F-11D3-BF4B-00C04F79EFBC}") = "PersistenceServices", "PersistenceServices\PersistenceServices.csproj", "{4A905506-3375-4CB6-A065-3B9D63C545DB}"
EndProject
Project("{FAE04EC0-301F-11D3-BF4B-00C04F79EFBC}") = "PersistenceServices.Test", "PersistenceServices.Test\PersistenceServices.Test.csproj", "{03429999-F911-4A18-87DB-B2BC6389E989}"
EndProject
Project("{FAE04EC0-301F-11D3-BF4B-00C04F79EFBC}") = "Common.Test", "Common.Test\Common.Test.csproj", "{62778E17-09DF-4ACE-A0C9-5EA9E4A1691E}"
EndProject
Project("{FAE04EC0-301F-11D3-BF4B-00C04F79EFBC}") = "Integrationstest", "Integrationstest\Integrationstest.csproj", "{AA4DBE9D-CCBF-47AD-A1F6-F06F025FBE33}"
EndProject
Project("{FAE04EC0-301F-11D3-BF4B-00C04F79EFBC}") = "Verbundtest", "Verbundtest\Verbundtest.csproj", "{473CC997-8DBC-4E32-B3C9-A37D27904933}"
EndProject
Project("{FAE04EC0-301F-11D3-BF4B-00C04F79EFBC}") = "TimeServices", "TimeServices\TimeServices.csproj", "{85ABE358-27F3-4FA7-A9AB-1CD28DFA198D}"
EndProject
Project("{FAE04EC0-301F-11D3-BF4B-00C04F79EFBC}") = "BuchhaltungKomponente", "BuchhaltungsKomponente\BuchhaltungKomponente.csproj", "{6C406950-F1FD-4E07-A2F4-DB674551EB4B}"
EndProject
Project("{FAE04EC0-301F-11D3-BF4B-00C04F79EFBC}") = "BankAdapter", "BankAdapter\BankAdapter.csproj", "{9604B1CF-3940-44C0-B9B5-1B2C93E878B8}"
EndProject
Project("{FAE04EC0-301F-11D3-BF4B-00C04F79EFBC}") = "BuchhaltungKomponente.Test", "BuchhaltungKomponente.Test\BuchhaltungKomponente.Test.csproj", "{B30DC242-4845-473D-A4D2-68140DC4EB0D}"
EndProject
Project("{FAE04EC0-301F-11D3-BF4B-00C04F79EFBC}") = "BankExternal", "BankExternal\BankExternal.csproj", "{0D797D96-299C-4BE7-8D5D-115387768348}"
EndProject
Project("{FAE04EC0-301F-11D3-BF4B-00C04F79EFBC}") = "HLS Konsole", "HLS Konsole\HLS Konsole.csproj", "{58C1860D-CE81-4B14-A347-6E9D46483954}"
EndProject
Project("{FAE04EC0-301F-11D3-BF4B-00C04F79EFBC}") = "LokationsAdapter", "LokationsAdapter\LokationsAdapter.csproj", "{B827BDE9-C15A-419B-87DF-C1610B75CE98}"
EndProject
Project("{FAE04EC0-301F-11D3-BF4B-00C04F79EFBC}") = "LokationExternal", "LokationExternal\LokationExternal.csproj", "{94DA369F-340A-4C64-BDD7-836B7AE749B6}"
EndProject
Project("{FAE04EC0-301F-11D3-BF4B-00C04F79EFBC}") = "SendungKomponente", "SendungKomponente\SendungKomponente.csproj", "{8B958CB1-8044-4DC4-AEA7-106E8ED28F4B}"
EndProject
Project("{FAE04EC0-301F-11D3-BF4B-00C04F79EFBC}") = "SendungKomponente.Test", "SendungKomponente.Test\SendungKomponente.Test.csproj", "{55311B95-9237-4680-B025-99DE91BC44E6}"
EndProject
Project("{FAE04EC0-301F-11D3-BF4B-00C04F79EFBC}") = "PDFErzeugungsKomponente", "PDFErzeugungsKomponente\PDFErzeugungsKomponente.csproj", "{7DB339B2-D796-4300-91BC-201E55B193DA}"
EndProject
Project("{FAE04EC0-301F-11D3-BF4B-00C04F79EFBC}") = "PDFErzeugungsKomponente.Test", "PDFErzeugungsKomponente.Test\PDFErzeugungsKomponente.Test.csproj", "{A6DEEEC6-48D9-49AF-8A2B-0FCA15E484CD}"
EndProject
Project("{FAE04EC0-301F-11D3-BF4B-00C04F79EFBC}") = "AuftragKomponente.Test", "AuftragKomponente.Test\AuftragKomponente.Test.csproj", "{B55CE497-4CBA-4F99-B1B6-528F6ED5B532}"
EndProject
Global
	GlobalSection(SubversionScc) = preSolution
		Svn-Managed = True
		Manager = AnkhSVN - Subversion Support for Visual Studio
	EndGlobalSection
	GlobalSection(SolutionConfigurationPlatforms) = preSolution
		Debug|Any CPU = Debug|Any CPU
		Release|Any CPU = Release|Any CPU
	EndGlobalSection
	GlobalSection(ProjectConfigurationPlatforms) = postSolution
		{059B7624-BB3B-4460-81BC-D24DA0639B79}.Debug|Any CPU.ActiveCfg = Debug|Any CPU
		{059B7624-BB3B-4460-81BC-D24DA0639B79}.Debug|Any CPU.Build.0 = Debug|Any CPU
		{059B7624-BB3B-4460-81BC-D24DA0639B79}.Release|Any CPU.ActiveCfg = Release|Any CPU
		{059B7624-BB3B-4460-81BC-D24DA0639B79}.Release|Any CPU.Build.0 = Release|Any CPU
		{FE562978-63E0-4E2E-A0A4-709752807745}.Debug|Any CPU.ActiveCfg = Debug|Any CPU
		{FE562978-63E0-4E2E-A0A4-709752807745}.Debug|Any CPU.Build.0 = Debug|Any CPU
		{FE562978-63E0-4E2E-A0A4-709752807745}.Release|Any CPU.ActiveCfg = Release|Any CPU
		{FE562978-63E0-4E2E-A0A4-709752807745}.Release|Any CPU.Build.0 = Release|Any CPU
		{841AF5C4-1281-49F3-853F-3E08CD08AA6A}.Debug|Any CPU.ActiveCfg = Debug|Any CPU
		{841AF5C4-1281-49F3-853F-3E08CD08AA6A}.Debug|Any CPU.Build.0 = Debug|Any CPU
		{841AF5C4-1281-49F3-853F-3E08CD08AA6A}.Release|Any CPU.ActiveCfg = Release|Any CPU
		{841AF5C4-1281-49F3-853F-3E08CD08AA6A}.Release|Any CPU.Build.0 = Release|Any CPU
		{51B13481-928D-4BDC-BC24-522C8A8D2176}.Debug|Any CPU.ActiveCfg = Debug|Any CPU
		{51B13481-928D-4BDC-BC24-522C8A8D2176}.Debug|Any CPU.Build.0 = Debug|Any CPU
		{51B13481-928D-4BDC-BC24-522C8A8D2176}.Release|Any CPU.ActiveCfg = Release|Any CPU
		{51B13481-928D-4BDC-BC24-522C8A8D2176}.Release|Any CPU.Build.0 = Release|Any CPU
		{E53BB22A-3E99-4EB7-BA09-EE1621D8085E}.Debug|Any CPU.ActiveCfg = Debug|Any CPU
		{E53BB22A-3E99-4EB7-BA09-EE1621D8085E}.Debug|Any CPU.Build.0 = Debug|Any CPU
		{E53BB22A-3E99-4EB7-BA09-EE1621D8085E}.Release|Any CPU.ActiveCfg = Release|Any CPU
		{E53BB22A-3E99-4EB7-BA09-EE1621D8085E}.Release|Any CPU.Build.0 = Release|Any CPU
		{FE0B1AF0-6B33-49A9-BADD-0163CD0D4543}.Debug|Any CPU.ActiveCfg = Debug|Any CPU
		{FE0B1AF0-6B33-49A9-BADD-0163CD0D4543}.Debug|Any CPU.Build.0 = Debug|Any CPU
		{FE0B1AF0-6B33-49A9-BADD-0163CD0D4543}.Release|Any CPU.ActiveCfg = Release|Any CPU
		{FE0B1AF0-6B33-49A9-BADD-0163CD0D4543}.Release|Any CPU.Build.0 = Release|Any CPU
		{F286ACD7-1C2A-434F-932E-66DF0ABFD19C}.Debug|Any CPU.ActiveCfg = Debug|Any CPU
		{F286ACD7-1C2A-434F-932E-66DF0ABFD19C}.Debug|Any CPU.Build.0 = Debug|Any CPU
		{F286ACD7-1C2A-434F-932E-66DF0ABFD19C}.Release|Any CPU.ActiveCfg = Release|Any CPU
		{F286ACD7-1C2A-434F-932E-66DF0ABFD19C}.Release|Any CPU.Build.0 = Release|Any CPU
		{6FE6A90A-5C68-4AA6-9E83-54938FB27CA6}.Debug|Any CPU.ActiveCfg = Debug|Any CPU
		{6FE6A90A-5C68-4AA6-9E83-54938FB27CA6}.Debug|Any CPU.Build.0 = Debug|Any CPU
		{6FE6A90A-5C68-4AA6-9E83-54938FB27CA6}.Release|Any CPU.ActiveCfg = Release|Any CPU
		{6FE6A90A-5C68-4AA6-9E83-54938FB27CA6}.Release|Any CPU.Build.0 = Release|Any CPU
		{7B60032A-0D25-4A06-9D04-83FD1FF1E946}.Debug|Any CPU.ActiveCfg = Debug|Any CPU
		{7B60032A-0D25-4A06-9D04-83FD1FF1E946}.Debug|Any CPU.Build.0 = Debug|Any CPU
		{7B60032A-0D25-4A06-9D04-83FD1FF1E946}.Release|Any CPU.ActiveCfg = Release|Any CPU
		{7B60032A-0D25-4A06-9D04-83FD1FF1E946}.Release|Any CPU.Build.0 = Release|Any CPU
		{2945908D-87A9-492A-8A4F-F95A591CFA95}.Debug|Any CPU.ActiveCfg = Debug|Any CPU
		{2945908D-87A9-492A-8A4F-F95A591CFA95}.Debug|Any CPU.Build.0 = Debug|Any CPU
		{2945908D-87A9-492A-8A4F-F95A591CFA95}.Release|Any CPU.ActiveCfg = Release|Any CPU
		{2945908D-87A9-492A-8A4F-F95A591CFA95}.Release|Any CPU.Build.0 = Release|Any CPU
		{26CDEA8A-C0C4-446C-BB8C-B08AAB37EDFD}.Debug|Any CPU.ActiveCfg = Debug|Any CPU
		{26CDEA8A-C0C4-446C-BB8C-B08AAB37EDFD}.Debug|Any CPU.Build.0 = Debug|Any CPU
		{26CDEA8A-C0C4-446C-BB8C-B08AAB37EDFD}.Release|Any CPU.ActiveCfg = Release|Any CPU
		{26CDEA8A-C0C4-446C-BB8C-B08AAB37EDFD}.Release|Any CPU.Build.0 = Release|Any CPU
		{18292C25-D2D5-4537-BB46-92EC366B1F85}.Debug|Any CPU.ActiveCfg = Debug|Any CPU
		{18292C25-D2D5-4537-BB46-92EC366B1F85}.Debug|Any CPU.Build.0 = Debug|Any CPU
		{18292C25-D2D5-4537-BB46-92EC366B1F85}.Release|Any CPU.ActiveCfg = Release|Any CPU
		{18292C25-D2D5-4537-BB46-92EC366B1F85}.Release|Any CPU.Build.0 = Release|Any CPU
		{019BD7CA-30A4-4356-821B-3E179F801A50}.Debug|Any CPU.ActiveCfg = Debug|Any CPU
		{019BD7CA-30A4-4356-821B-3E179F801A50}.Debug|Any CPU.Build.0 = Debug|Any CPU
		{019BD7CA-30A4-4356-821B-3E179F801A50}.Release|Any CPU.ActiveCfg = Release|Any CPU
		{019BD7CA-30A4-4356-821B-3E179F801A50}.Release|Any CPU.Build.0 = Release|Any CPU
		{C9957192-AEF9-422F-A36C-7688FB6E5E60}.Debug|Any CPU.ActiveCfg = Debug|Any CPU
		{C9957192-AEF9-422F-A36C-7688FB6E5E60}.Debug|Any CPU.Build.0 = Debug|Any CPU
		{C9957192-AEF9-422F-A36C-7688FB6E5E60}.Release|Any CPU.ActiveCfg = Release|Any CPU
		{C9957192-AEF9-422F-A36C-7688FB6E5E60}.Release|Any CPU.Build.0 = Release|Any CPU
		{82E80ABD-0D9F-447C-9D20-4B967664EA2D}.Debug|Any CPU.ActiveCfg = Debug|Any CPU
		{82E80ABD-0D9F-447C-9D20-4B967664EA2D}.Debug|Any CPU.Build.0 = Debug|Any CPU
		{82E80ABD-0D9F-447C-9D20-4B967664EA2D}.Release|Any CPU.ActiveCfg = Release|Any CPU
		{82E80ABD-0D9F-447C-9D20-4B967664EA2D}.Release|Any CPU.Build.0 = Release|Any CPU
		{B8241AA9-BCBD-4FB2-BEE1-ABD2CA71ECDA}.Debug|Any CPU.ActiveCfg = Debug|Any CPU
		{B8241AA9-BCBD-4FB2-BEE1-ABD2CA71ECDA}.Debug|Any CPU.Build.0 = Debug|Any CPU
		{B8241AA9-BCBD-4FB2-BEE1-ABD2CA71ECDA}.Release|Any CPU.ActiveCfg = Release|Any CPU
		{B8241AA9-BCBD-4FB2-BEE1-ABD2CA71ECDA}.Release|Any CPU.Build.0 = Release|Any CPU
		{0B6788E1-BF76-47D3-863C-79F565E482B5}.Debug|Any CPU.ActiveCfg = Debug|Any CPU
		{0B6788E1-BF76-47D3-863C-79F565E482B5}.Debug|Any CPU.Build.0 = Debug|Any CPU
		{0B6788E1-BF76-47D3-863C-79F565E482B5}.Release|Any CPU.ActiveCfg = Release|Any CPU
		{0B6788E1-BF76-47D3-863C-79F565E482B5}.Release|Any CPU.Build.0 = Release|Any CPU
		{4A905506-3375-4CB6-A065-3B9D63C545DB}.Debug|Any CPU.ActiveCfg = Debug|Any CPU
		{4A905506-3375-4CB6-A065-3B9D63C545DB}.Debug|Any CPU.Build.0 = Debug|Any CPU
		{4A905506-3375-4CB6-A065-3B9D63C545DB}.Release|Any CPU.ActiveCfg = Release|Any CPU
		{4A905506-3375-4CB6-A065-3B9D63C545DB}.Release|Any CPU.Build.0 = Release|Any CPU
		{03429999-F911-4A18-87DB-B2BC6389E989}.Debug|Any CPU.ActiveCfg = Debug|Any CPU
		{03429999-F911-4A18-87DB-B2BC6389E989}.Debug|Any CPU.Build.0 = Debug|Any CPU
		{03429999-F911-4A18-87DB-B2BC6389E989}.Release|Any CPU.ActiveCfg = Release|Any CPU
		{03429999-F911-4A18-87DB-B2BC6389E989}.Release|Any CPU.Build.0 = Release|Any CPU
		{62778E17-09DF-4ACE-A0C9-5EA9E4A1691E}.Debug|Any CPU.ActiveCfg = Debug|Any CPU
		{62778E17-09DF-4ACE-A0C9-5EA9E4A1691E}.Debug|Any CPU.Build.0 = Debug|Any CPU
		{62778E17-09DF-4ACE-A0C9-5EA9E4A1691E}.Release|Any CPU.ActiveCfg = Release|Any CPU
		{62778E17-09DF-4ACE-A0C9-5EA9E4A1691E}.Release|Any CPU.Build.0 = Release|Any CPU
		{AA4DBE9D-CCBF-47AD-A1F6-F06F025FBE33}.Debug|Any CPU.ActiveCfg = Debug|Any CPU
		{AA4DBE9D-CCBF-47AD-A1F6-F06F025FBE33}.Debug|Any CPU.Build.0 = Debug|Any CPU
		{AA4DBE9D-CCBF-47AD-A1F6-F06F025FBE33}.Release|Any CPU.ActiveCfg = Release|Any CPU
		{AA4DBE9D-CCBF-47AD-A1F6-F06F025FBE33}.Release|Any CPU.Build.0 = Release|Any CPU
		{473CC997-8DBC-4E32-B3C9-A37D27904933}.Debug|Any CPU.ActiveCfg = Debug|Any CPU
		{473CC997-8DBC-4E32-B3C9-A37D27904933}.Debug|Any CPU.Build.0 = Debug|Any CPU
		{473CC997-8DBC-4E32-B3C9-A37D27904933}.Release|Any CPU.ActiveCfg = Release|Any CPU
		{473CC997-8DBC-4E32-B3C9-A37D27904933}.Release|Any CPU.Build.0 = Release|Any CPU
		{85ABE358-27F3-4FA7-A9AB-1CD28DFA198D}.Debug|Any CPU.ActiveCfg = Debug|Any CPU
		{85ABE358-27F3-4FA7-A9AB-1CD28DFA198D}.Debug|Any CPU.Build.0 = Debug|Any CPU
		{85ABE358-27F3-4FA7-A9AB-1CD28DFA198D}.Release|Any CPU.ActiveCfg = Release|Any CPU
		{85ABE358-27F3-4FA7-A9AB-1CD28DFA198D}.Release|Any CPU.Build.0 = Release|Any CPU
		{6C406950-F1FD-4E07-A2F4-DB674551EB4B}.Debug|Any CPU.ActiveCfg = Debug|Any CPU
		{6C406950-F1FD-4E07-A2F4-DB674551EB4B}.Debug|Any CPU.Build.0 = Debug|Any CPU
		{6C406950-F1FD-4E07-A2F4-DB674551EB4B}.Release|Any CPU.ActiveCfg = Release|Any CPU
		{6C406950-F1FD-4E07-A2F4-DB674551EB4B}.Release|Any CPU.Build.0 = Release|Any CPU
		{9604B1CF-3940-44C0-B9B5-1B2C93E878B8}.Debug|Any CPU.ActiveCfg = Debug|Any CPU
		{9604B1CF-3940-44C0-B9B5-1B2C93E878B8}.Debug|Any CPU.Build.0 = Debug|Any CPU
		{9604B1CF-3940-44C0-B9B5-1B2C93E878B8}.Release|Any CPU.ActiveCfg = Release|Any CPU
		{9604B1CF-3940-44C0-B9B5-1B2C93E878B8}.Release|Any CPU.Build.0 = Release|Any CPU
		{B30DC242-4845-473D-A4D2-68140DC4EB0D}.Debug|Any CPU.ActiveCfg = Debug|Any CPU
		{B30DC242-4845-473D-A4D2-68140DC4EB0D}.Debug|Any CPU.Build.0 = Debug|Any CPU
		{B30DC242-4845-473D-A4D2-68140DC4EB0D}.Release|Any CPU.ActiveCfg = Release|Any CPU
		{B30DC242-4845-473D-A4D2-68140DC4EB0D}.Release|Any CPU.Build.0 = Release|Any CPU
		{0D797D96-299C-4BE7-8D5D-115387768348}.Debug|Any CPU.ActiveCfg = Debug|Any CPU
		{0D797D96-299C-4BE7-8D5D-115387768348}.Debug|Any CPU.Build.0 = Debug|Any CPU
		{0D797D96-299C-4BE7-8D5D-115387768348}.Release|Any CPU.ActiveCfg = Release|Any CPU
		{0D797D96-299C-4BE7-8D5D-115387768348}.Release|Any CPU.Build.0 = Release|Any CPU
		{58C1860D-CE81-4B14-A347-6E9D46483954}.Debug|Any CPU.ActiveCfg = Debug|Any CPU
		{58C1860D-CE81-4B14-A347-6E9D46483954}.Debug|Any CPU.Build.0 = Debug|Any CPU
		{58C1860D-CE81-4B14-A347-6E9D46483954}.Release|Any CPU.ActiveCfg = Release|Any CPU
		{58C1860D-CE81-4B14-A347-6E9D46483954}.Release|Any CPU.Build.0 = Release|Any CPU
		{B827BDE9-C15A-419B-87DF-C1610B75CE98}.Debug|Any CPU.ActiveCfg = Debug|Any CPU
		{B827BDE9-C15A-419B-87DF-C1610B75CE98}.Debug|Any CPU.Build.0 = Debug|Any CPU
		{B827BDE9-C15A-419B-87DF-C1610B75CE98}.Release|Any CPU.ActiveCfg = Release|Any CPU
		{B827BDE9-C15A-419B-87DF-C1610B75CE98}.Release|Any CPU.Build.0 = Release|Any CPU
		{94DA369F-340A-4C64-BDD7-836B7AE749B6}.Debug|Any CPU.ActiveCfg = Debug|Any CPU
		{94DA369F-340A-4C64-BDD7-836B7AE749B6}.Debug|Any CPU.Build.0 = Debug|Any CPU
		{94DA369F-340A-4C64-BDD7-836B7AE749B6}.Release|Any CPU.ActiveCfg = Release|Any CPU
		{94DA369F-340A-4C64-BDD7-836B7AE749B6}.Release|Any CPU.Build.0 = Release|Any CPU
		{8B958CB1-8044-4DC4-AEA7-106E8ED28F4B}.Debug|Any CPU.ActiveCfg = Debug|Any CPU
		{8B958CB1-8044-4DC4-AEA7-106E8ED28F4B}.Debug|Any CPU.Build.0 = Debug|Any CPU
		{8B958CB1-8044-4DC4-AEA7-106E8ED28F4B}.Release|Any CPU.ActiveCfg = Release|Any CPU
		{8B958CB1-8044-4DC4-AEA7-106E8ED28F4B}.Release|Any CPU.Build.0 = Release|Any CPU
		{55311B95-9237-4680-B025-99DE91BC44E6}.Debug|Any CPU.ActiveCfg = Debug|Any CPU
		{55311B95-9237-4680-B025-99DE91BC44E6}.Debug|Any CPU.Build.0 = Debug|Any CPU
		{55311B95-9237-4680-B025-99DE91BC44E6}.Release|Any CPU.ActiveCfg = Release|Any CPU
		{55311B95-9237-4680-B025-99DE91BC44E6}.Release|Any CPU.Build.0 = Release|Any CPU
		{7DB339B2-D796-4300-91BC-201E55B193DA}.Debug|Any CPU.ActiveCfg = Debug|Any CPU
		{7DB339B2-D796-4300-91BC-201E55B193DA}.Debug|Any CPU.Build.0 = Debug|Any CPU
		{7DB339B2-D796-4300-91BC-201E55B193DA}.Release|Any CPU.ActiveCfg = Release|Any CPU
		{7DB339B2-D796-4300-91BC-201E55B193DA}.Release|Any CPU.Build.0 = Release|Any CPU
		{A6DEEEC6-48D9-49AF-8A2B-0FCA15E484CD}.Debug|Any CPU.ActiveCfg = Debug|Any CPU
		{A6DEEEC6-48D9-49AF-8A2B-0FCA15E484CD}.Debug|Any CPU.Build.0 = Debug|Any CPU
		{A6DEEEC6-48D9-49AF-8A2B-0FCA15E484CD}.Release|Any CPU.ActiveCfg = Release|Any CPU
		{A6DEEEC6-48D9-49AF-8A2B-0FCA15E484CD}.Release|Any CPU.Build.0 = Release|Any CPU
		{B55CE497-4CBA-4F99-B1B6-528F6ED5B532}.Debug|Any CPU.ActiveCfg = Debug|Any CPU
		{B55CE497-4CBA-4F99-B1B6-528F6ED5B532}.Debug|Any CPU.Build.0 = Debug|Any CPU
		{B55CE497-4CBA-4F99-B1B6-528F6ED5B532}.Release|Any CPU.ActiveCfg = Release|Any CPU
		{B55CE497-4CBA-4F99-B1B6-528F6ED5B532}.Release|Any CPU.Build.0 = Release|Any CPU
	EndGlobalSection
	GlobalSection(SolutionProperties) = preSolution
		HideSolutionNode = FALSE
	EndGlobalSection
	GlobalSection(NestedProjects) = preSolution
		{51B13481-928D-4BDC-BC24-522C8A8D2176} = {A0DAEC44-C6B5-4278-B1CA-8CDF87957061}
		{E53BB22A-3E99-4EB7-BA09-EE1621D8085E} = {A0DAEC44-C6B5-4278-B1CA-8CDF87957061}
		{FE0B1AF0-6B33-49A9-BADD-0163CD0D4543} = {A0DAEC44-C6B5-4278-B1CA-8CDF87957061}
		{F286ACD7-1C2A-434F-932E-66DF0ABFD19C} = {A0DAEC44-C6B5-4278-B1CA-8CDF87957061}
		{6FE6A90A-5C68-4AA6-9E83-54938FB27CA6} = {A0DAEC44-C6B5-4278-B1CA-8CDF87957061}
		{7B60032A-0D25-4A06-9D04-83FD1FF1E946} = {A0DAEC44-C6B5-4278-B1CA-8CDF87957061}
		{18292C25-D2D5-4537-BB46-92EC366B1F85} = {A0DAEC44-C6B5-4278-B1CA-8CDF87957061}
		{019BD7CA-30A4-4356-821B-3E179F801A50} = {A0DAEC44-C6B5-4278-B1CA-8CDF87957061}
		{82E80ABD-0D9F-447C-9D20-4B967664EA2D} = {A0DAEC44-C6B5-4278-B1CA-8CDF87957061}
		{6C406950-F1FD-4E07-A2F4-DB674551EB4B} = {A0DAEC44-C6B5-4278-B1CA-8CDF87957061}
		{9604B1CF-3940-44C0-B9B5-1B2C93E878B8} = {A0DAEC44-C6B5-4278-B1CA-8CDF87957061}
		{B30DC242-4845-473D-A4D2-68140DC4EB0D} = {A0DAEC44-C6B5-4278-B1CA-8CDF87957061}
		{B827BDE9-C15A-419B-87DF-C1610B75CE98} = {A0DAEC44-C6B5-4278-B1CA-8CDF87957061}
		{8B958CB1-8044-4DC4-AEA7-106E8ED28F4B} = {A0DAEC44-C6B5-4278-B1CA-8CDF87957061}
		{55311B95-9237-4680-B025-99DE91BC44E6} = {A0DAEC44-C6B5-4278-B1CA-8CDF87957061}
		{7DB339B2-D796-4300-91BC-201E55B193DA} = {A0DAEC44-C6B5-4278-B1CA-8CDF87957061}
		{A6DEEEC6-48D9-49AF-8A2B-0FCA15E484CD} = {A0DAEC44-C6B5-4278-B1CA-8CDF87957061}
		{B55CE497-4CBA-4F99-B1B6-528F6ED5B532} = {A0DAEC44-C6B5-4278-B1CA-8CDF87957061}
		{FE562978-63E0-4E2E-A0A4-709752807745} = {5B56155A-EA5D-4A6F-A514-4A6B6D079C94}
		{58C1860D-CE81-4B14-A347-6E9D46483954} = {5B56155A-EA5D-4A6F-A514-4A6B6D079C94}
		{C9957192-AEF9-422F-A36C-7688FB6E5E60} = {055E5489-967C-42AD-8FA5-4D214AD471BB}
		{0D797D96-299C-4BE7-8D5D-115387768348} = {055E5489-967C-42AD-8FA5-4D214AD471BB}
		{94DA369F-340A-4C64-BDD7-836B7AE749B6} = {055E5489-967C-42AD-8FA5-4D214AD471BB}
		{AA4DBE9D-CCBF-47AD-A1F6-F06F025FBE33} = {2780EDB0-F0E4-4315-B52D-3014E937ECB1}
		{473CC997-8DBC-4E32-B3C9-A37D27904933} = {C889FB17-5BBA-4EDE-B388-9D1EF98E4179}
		{841AF5C4-1281-49F3-853F-3E08CD08AA6A} = {DE6FAA2D-E4C6-49D8-8A7E-C535F7CE9331}
		{2945908D-87A9-492A-8A4F-F95A591CFA95} = {DE6FAA2D-E4C6-49D8-8A7E-C535F7CE9331}
		{26CDEA8A-C0C4-446C-BB8C-B08AAB37EDFD} = {DE6FAA2D-E4C6-49D8-8A7E-C535F7CE9331}
		{B8241AA9-BCBD-4FB2-BEE1-ABD2CA71ECDA} = {DE6FAA2D-E4C6-49D8-8A7E-C535F7CE9331}
		{0B6788E1-BF76-47D3-863C-79F565E482B5} = {DE6FAA2D-E4C6-49D8-8A7E-C535F7CE9331}
		{4A905506-3375-4CB6-A065-3B9D63C545DB} = {DE6FAA2D-E4C6-49D8-8A7E-C535F7CE9331}
		{03429999-F911-4A18-87DB-B2BC6389E989} = {DE6FAA2D-E4C6-49D8-8A7E-C535F7CE9331}
		{62778E17-09DF-4ACE-A0C9-5EA9E4A1691E} = {DE6FAA2D-E4C6-49D8-8A7E-C535F7CE9331}
		{85ABE358-27F3-4FA7-A9AB-1CD28DFA198D} = {DE6FAA2D-E4C6-49D8-8A7E-C535F7CE9331}
	EndGlobalSection
EndGlobal
